
Microsoft Visual Studio Solution File, Format Version 12.00
# Visual Studio 14
VisualStudioVersion = 14.0.25420.1
MinimumVisualStudioVersion = 10.0.40219.1
Project("{2150E333-8FDC-42A3-9474-1A3956D46DE8}") = "A. Solution Items", "A. Solution Items", "{862E5F57-469E-493A-8C33-8C917582B273}"
	ProjectSection(SolutionItems) = preProject
		build_config.csx = build_config.csx
		build_entry.csx = build_entry.csx
		global.json = global.json
		Protocol.txt = Protocol.txt
		TypeIDs.txt = TypeIDs.txt
	EndProjectSection
EndProject
Project("{2150E333-8FDC-42A3-9474-1A3956D46DE8}") = "B. src", "B. src", "{90F82554-7270-460D-969A-1CAEF1B80E41}"
EndProject
Project("{2150E333-8FDC-42A3-9474-1A3956D46DE8}") = "C. test", "C. test", "{03DA5521-7A04-4172-8E92-290F33DA04D1}"
EndProject
Project("{2150E333-8FDC-42A3-9474-1A3956D46DE8}") = "D. dependencies", "D. dependencies", "{3395300E-8724-49A9-B630-AD923EF57A98}"
EndProject
Project("{8BB2217D-0F2D-49D1-97BC-3654ED321F3B}") = "Dargon.Commons", "dependencies\commons\src\Dargon.Commons\Dargon.Commons.xproj", "{2D7BAFC8-38E8-42EC-B215-F1A0A08E4BA8}"
EndProject
Project("{8BB2217D-0F2D-49D1-97BC-3654ED321F3B}") = "Dargon.Ryu.Api", "dependencies\ryu\src\Dargon.Ryu.Api\Dargon.Ryu.Api.xproj", "{97247D5E-A3C9-4050-84E8-2FD8E9178DB8}"
EndProject
Project("{8BB2217D-0F2D-49D1-97BC-3654ED321F3B}") = "Dargon.Ryu.Impl", "dependencies\ryu\src\Dargon.Ryu.Impl\Dargon.Ryu.Impl.xproj", "{8848F79E-7EBB-4D00-9645-FF86C39F8DE4}"
EndProject
Project("{8BB2217D-0F2D-49D1-97BC-3654ED321F3B}") = "NMockito", "dependencies\NMockito\src\NMockito\NMockito.xproj", "{907353FD-0387-434C-BDA1-4822A3553A40}"
EndProject
Project("{8BB2217D-0F2D-49D1-97BC-3654ED321F3B}") = "Dargon.Vox", "dependencies\vox\src\Dargon.Vox\Dargon.Vox.xproj", "{64BDC2CE-1457-4AD8-AA1F-B39A5DDC42C2}"
EndProject
Project("{8BB2217D-0F2D-49D1-97BC-3654ED321F3B}") = "Dargon.Vox.UnitTests", "dependencies\vox\test\Dargon.Vox.UnitTests\Dargon.Vox.UnitTests.xproj", "{94A50AF5-E6BE-40E6-92B6-05E4689EA93F}"
EndProject
Project("{911E67C6-3D85-4FCE-B560-20A9C3E3FF48}") = "Dargon.Vox.IntegrationTests", "dependencies\vox\test\Dargon.Vox.IntegrationTests\bin\Debug\net451\win7-x64\Dargon.Vox.IntegrationTests.exe", "{31496345-2FE5-41EE-A1EF-6741EFFF80D0}"
	ProjectSection(DebuggerProjectSystem) = preProject
		PortSupplier = 00000000-0000-0000-0000-000000000000
		Executable = V:\my-repositories\dargon\vox\dependencies\vox\test\Dargon.Vox.IntegrationTests\bin\Debug\net451\win7-x64\Dargon.Vox.IntegrationTests.exe
		RemoteMachine = WIN-E5C0B65L3GR
		StartingDirectory = V:\my-repositories\dargon\vox\dependencies\vox\test\Dargon.Vox.IntegrationTests\bin\Debug\net451\win7-x64\
		Environment = Default
		LaunchingEngine = 00000000-0000-0000-0000-000000000000
		UseLegacyDebugEngines = No
		LaunchSQLEngine = No
		AttachLaunchAction = No
	EndProjectSection
EndProject
Project("{911E67C6-3D85-4FCE-B560-20A9C3E3FF48}") = "Dargon.Vox.AcceptanceTests", "dependencies\vox\test\Dargon.Vox.AcceptanceTests\bin\Release\net451\win7-x64\Dargon.Vox.AcceptanceTests.exe", "{8D2C74CC-CC27-48D6-80D7-1F569911DA9B}"
	ProjectSection(DebuggerProjectSystem) = preProject
		PortSupplier = 00000000-0000-0000-0000-000000000000
		Executable = C:\my-repositories\dargon\messages\dependencies\vox\test\Dargon.Vox.AcceptanceTests\bin\Release\net451\win7-x64\Dargon.Vox.AcceptanceTests.exe
		RemoteMachine = DESKTOP-5370MFG
		StartingDirectory = C:\my-repositories\dargon\messages\dependencies\vox\test\Dargon.Vox.AcceptanceTests\bin\Release\net451\win7-x64
		Environment = Default
		LaunchingEngine = 00000000-0000-0000-0000-000000000000
		UseLegacyDebugEngines = No
		LaunchSQLEngine = No
		AttachLaunchAction = No
	EndProjectSection
EndProject
Project("{8BB2217D-0F2D-49D1-97BC-3654ED321F3B}") = "Dargon.Vox.FunctionalTests", "dependencies\vox\test\Dargon.Vox.FunctionalTests\Dargon.Vox.FunctionalTests.xproj", "{EDDEA352-60B3-4078-82E5-973242C320FF}"
EndProject
Project("{911E67C6-3D85-4FCE-B560-20A9C3E3FF48}") = "Dargon.Vox.FunctionalTests", "dependencies\vox\test\Dargon.Vox.FunctionalTests\bin\Debug\net451\win7-x64\Dargon.Vox.FunctionalTests.exe", "{9C8C59CB-AB15-4B09-AF5E-98C959A158C3}"
	ProjectSection(DebuggerProjectSystem) = preProject
		PortSupplier = 00000000-0000-0000-0000-000000000000
		Executable = V:\my-repositories\dargon\vox\dependencies\vox\test\Dargon.Vox.FunctionalTests\bin\Debug\net451\win7-x64\Dargon.Vox.FunctionalTests.exe
		RemoteMachine = WIN-E5C0B65L3GR
		StartingDirectory = V:\my-repositories\dargon\vox\dependencies\vox\test\Dargon.Vox.FunctionalTests\bin\Debug\net451\win7-x64
		Environment = Default
		LaunchingEngine = 00000000-0000-0000-0000-000000000000
		UseLegacyDebugEngines = No
		LaunchSQLEngine = No
		AttachLaunchAction = No
	EndProjectSection
EndProject
Global
	GlobalSection(Performance) = preSolution
		HasPerformanceSessions = true
	EndGlobalSection
	GlobalSection(SolutionConfigurationPlatforms) = preSolution
		Debug|Any CPU = Debug|Any CPU
		Debug|x64 = Debug|x64
		Release|Any CPU = Release|Any CPU
		Release|x64 = Release|x64
	EndGlobalSection
	GlobalSection(ProjectConfigurationPlatforms) = postSolution
		{2D7BAFC8-38E8-42EC-B215-F1A0A08E4BA8}.Debug|Any CPU.ActiveCfg = Debug|Any CPU
		{2D7BAFC8-38E8-42EC-B215-F1A0A08E4BA8}.Debug|Any CPU.Build.0 = Debug|Any CPU
		{2D7BAFC8-38E8-42EC-B215-F1A0A08E4BA8}.Debug|x64.ActiveCfg = Debug|Any CPU
		{2D7BAFC8-38E8-42EC-B215-F1A0A08E4BA8}.Debug|x64.Build.0 = Debug|Any CPU
		{2D7BAFC8-38E8-42EC-B215-F1A0A08E4BA8}.Release|Any CPU.ActiveCfg = Release|Any CPU
		{2D7BAFC8-38E8-42EC-B215-F1A0A08E4BA8}.Release|Any CPU.Build.0 = Release|Any CPU
		{2D7BAFC8-38E8-42EC-B215-F1A0A08E4BA8}.Release|x64.ActiveCfg = Release|Any CPU
		{2D7BAFC8-38E8-42EC-B215-F1A0A08E4BA8}.Release|x64.Build.0 = Release|Any CPU
		{97247D5E-A3C9-4050-84E8-2FD8E9178DB8}.Debug|Any CPU.ActiveCfg = Debug|Any CPU
		{97247D5E-A3C9-4050-84E8-2FD8E9178DB8}.Debug|Any CPU.Build.0 = Debug|Any CPU
		{97247D5E-A3C9-4050-84E8-2FD8E9178DB8}.Debug|x64.ActiveCfg = Debug|Any CPU
		{97247D5E-A3C9-4050-84E8-2FD8E9178DB8}.Debug|x64.Build.0 = Debug|Any CPU
		{97247D5E-A3C9-4050-84E8-2FD8E9178DB8}.Release|Any CPU.ActiveCfg = Release|Any CPU
		{97247D5E-A3C9-4050-84E8-2FD8E9178DB8}.Release|Any CPU.Build.0 = Release|Any CPU
		{97247D5E-A3C9-4050-84E8-2FD8E9178DB8}.Release|x64.ActiveCfg = Release|Any CPU
		{97247D5E-A3C9-4050-84E8-2FD8E9178DB8}.Release|x64.Build.0 = Release|Any CPU
		{8848F79E-7EBB-4D00-9645-FF86C39F8DE4}.Debug|Any CPU.ActiveCfg = Debug|Any CPU
		{8848F79E-7EBB-4D00-9645-FF86C39F8DE4}.Debug|Any CPU.Build.0 = Debug|Any CPU
		{8848F79E-7EBB-4D00-9645-FF86C39F8DE4}.Debug|x64.ActiveCfg = Debug|Any CPU
		{8848F79E-7EBB-4D00-9645-FF86C39F8DE4}.Debug|x64.Build.0 = Debug|Any CPU
		{8848F79E-7EBB-4D00-9645-FF86C39F8DE4}.Release|Any CPU.ActiveCfg = Release|Any CPU
		{8848F79E-7EBB-4D00-9645-FF86C39F8DE4}.Release|Any CPU.Build.0 = Release|Any CPU
		{8848F79E-7EBB-4D00-9645-FF86C39F8DE4}.Release|x64.ActiveCfg = Release|Any CPU
		{8848F79E-7EBB-4D00-9645-FF86C39F8DE4}.Release|x64.Build.0 = Release|Any CPU
		{907353FD-0387-434C-BDA1-4822A3553A40}.Debug|Any CPU.ActiveCfg = Debug|Any CPU
		{907353FD-0387-434C-BDA1-4822A3553A40}.Debug|Any CPU.Build.0 = Debug|Any CPU
		{907353FD-0387-434C-BDA1-4822A3553A40}.Debug|x64.ActiveCfg = Debug|Any CPU
		{907353FD-0387-434C-BDA1-4822A3553A40}.Debug|x64.Build.0 = Debug|Any CPU
		{907353FD-0387-434C-BDA1-4822A3553A40}.Release|Any CPU.ActiveCfg = Release|Any CPU
		{907353FD-0387-434C-BDA1-4822A3553A40}.Release|Any CPU.Build.0 = Release|Any CPU
		{907353FD-0387-434C-BDA1-4822A3553A40}.Release|x64.ActiveCfg = Release|Any CPU
		{907353FD-0387-434C-BDA1-4822A3553A40}.Release|x64.Build.0 = Release|Any CPU
		{64BDC2CE-1457-4AD8-AA1F-B39A5DDC42C2}.Debug|Any CPU.ActiveCfg = Debug|Any CPU
		{64BDC2CE-1457-4AD8-AA1F-B39A5DDC42C2}.Debug|Any CPU.Build.0 = Debug|Any CPU
		{64BDC2CE-1457-4AD8-AA1F-B39A5DDC42C2}.Debug|x64.ActiveCfg = Debug|Any CPU
		{64BDC2CE-1457-4AD8-AA1F-B39A5DDC42C2}.Debug|x64.Build.0 = Debug|Any CPU
		{64BDC2CE-1457-4AD8-AA1F-B39A5DDC42C2}.Release|Any CPU.ActiveCfg = Release|Any CPU
		{64BDC2CE-1457-4AD8-AA1F-B39A5DDC42C2}.Release|Any CPU.Build.0 = Release|Any CPU
		{64BDC2CE-1457-4AD8-AA1F-B39A5DDC42C2}.Release|x64.ActiveCfg = Release|Any CPU
		{64BDC2CE-1457-4AD8-AA1F-B39A5DDC42C2}.Release|x64.Build.0 = Release|Any CPU
		{94A50AF5-E6BE-40E6-92B6-05E4689EA93F}.Debug|Any CPU.ActiveCfg = Debug|Any CPU
		{94A50AF5-E6BE-40E6-92B6-05E4689EA93F}.Debug|Any CPU.Build.0 = Debug|Any CPU
		{94A50AF5-E6BE-40E6-92B6-05E4689EA93F}.Debug|x64.ActiveCfg = Debug|Any CPU
		{94A50AF5-E6BE-40E6-92B6-05E4689EA93F}.Debug|x64.Build.0 = Debug|Any CPU
		{94A50AF5-E6BE-40E6-92B6-05E4689EA93F}.Release|Any CPU.ActiveCfg = Release|Any CPU
		{94A50AF5-E6BE-40E6-92B6-05E4689EA93F}.Release|Any CPU.Build.0 = Release|Any CPU
		{94A50AF5-E6BE-40E6-92B6-05E4689EA93F}.Release|x64.ActiveCfg = Release|Any CPU
		{94A50AF5-E6BE-40E6-92B6-05E4689EA93F}.Release|x64.Build.0 = Release|Any CPU
		{31496345-2FE5-41EE-A1EF-6741EFFF80D0}.Debug|Any CPU.ActiveCfg = Release
		{31496345-2FE5-41EE-A1EF-6741EFFF80D0}.Debug|x64.ActiveCfg = Release
		{31496345-2FE5-41EE-A1EF-6741EFFF80D0}.Release|Any CPU.ActiveCfg = Release
		{31496345-2FE5-41EE-A1EF-6741EFFF80D0}.Release|x64.ActiveCfg = Release
		{8D2C74CC-CC27-48D6-80D7-1F569911DA9B}.Debug|Any CPU.ActiveCfg = Release
		{8D2C74CC-CC27-48D6-80D7-1F569911DA9B}.Debug|x64.ActiveCfg = Release
		{8D2C74CC-CC27-48D6-80D7-1F569911DA9B}.Release|Any CPU.ActiveCfg = Release
		{8D2C74CC-CC27-48D6-80D7-1F569911DA9B}.Release|x64.ActiveCfg = Release
		{EDDEA352-60B3-4078-82E5-973242C320FF}.Debug|Any CPU.ActiveCfg = Debug|Any CPU
		{EDDEA352-60B3-4078-82E5-973242C320FF}.Debug|Any CPU.Build.0 = Debug|Any CPU
		{EDDEA352-60B3-4078-82E5-973242C320FF}.Debug|x64.ActiveCfg = Debug|Any CPU
		{EDDEA352-60B3-4078-82E5-973242C320FF}.Debug|x64.Build.0 = Debug|Any CPU
		{EDDEA352-60B3-4078-82E5-973242C320FF}.Release|Any CPU.ActiveCfg = Release|Any CPU
		{EDDEA352-60B3-4078-82E5-973242C320FF}.Release|Any CPU.Build.0 = Release|Any CPU
		{EDDEA352-60B3-4078-82E5-973242C320FF}.Release|x64.ActiveCfg = Release|Any CPU
		{EDDEA352-60B3-4078-82E5-973242C320FF}.Release|x64.Build.0 = Release|Any CPU
		{9C8C59CB-AB15-4B09-AF5E-98C959A158C3}.Debug|Any CPU.ActiveCfg = Release|x64
		{9C8C59CB-AB15-4B09-AF5E-98C959A158C3}.Debug|x64.ActiveCfg = Release|x64
		{9C8C59CB-AB15-4B09-AF5E-98C959A158C3}.Release|Any CPU.ActiveCfg = Release|x64
		{9C8C59CB-AB15-4B09-AF5E-98C959A158C3}.Release|x64.ActiveCfg = Release|x64
	EndGlobalSection
	GlobalSection(SolutionProperties) = preSolution
		HideSolutionNode = FALSE
	EndGlobalSection
	GlobalSection(NestedProjects) = preSolution
		{2D7BAFC8-38E8-42EC-B215-F1A0A08E4BA8} = {3395300E-8724-49A9-B630-AD923EF57A98}
		{97247D5E-A3C9-4050-84E8-2FD8E9178DB8} = {3395300E-8724-49A9-B630-AD923EF57A98}
		{8848F79E-7EBB-4D00-9645-FF86C39F8DE4} = {3395300E-8724-49A9-B630-AD923EF57A98}
		{907353FD-0387-434C-BDA1-4822A3553A40} = {3395300E-8724-49A9-B630-AD923EF57A98}
		{64BDC2CE-1457-4AD8-AA1F-B39A5DDC42C2} = {90F82554-7270-460D-969A-1CAEF1B80E41}
		{94A50AF5-E6BE-40E6-92B6-05E4689EA93F} = {03DA5521-7A04-4172-8E92-290F33DA04D1}
		{EDDEA352-60B3-4078-82E5-973242C320FF} = {03DA5521-7A04-4172-8E92-290F33DA04D1}
	EndGlobalSection
EndGlobal
